
Microsoft Visual Studio Solution File, Format Version 12.00
Project("{FAE04EC0-301F-11D3-BF4B-00C04F79EFBC}") = "MusicStore", "MusicStore\MusicStore.csproj", "{2DFBEFCA-D093-47A6-B624-B13D3A518F46}"
EndProject
Global
	GlobalSection(SolutionConfigurationPlatforms) = preSolution
		Debug|Any CPU = Debug|Any CPU
		Release|Any CPU = Release|Any CPU
	EndGlobalSection
	GlobalSection(ProjectConfigurationPlatforms) = postSolution
		{2DFBEFCA-D093-47A6-B624-B13D3A518F46}.Debug|Any CPU.ActiveCfg = Debug|Any CPU
		{2DFBEFCA-D093-47A6-B624-B13D3A518F46}.Debug|Any CPU.Build.0 = Debug|Any CPU
		{2DFBEFCA-D093-47A6-B624-B13D3A518F46}.Release|Any CPU.ActiveCfg = Release|Any CPU
		{2DFBEFCA-D093-47A6-B624-B13D3A518F46}.Release|Any CPU.Build.0 = Release|Any CPU
	EndGlobalSection
EndGlobal
