
Microsoft Visual Studio Solution File, Format Version 12.00
# Visual Studio Version 17
VisualStudioVersion = 17.2.32516.85
MinimumVisualStudioVersion = 10.0.40219.1
Project("{FAE04EC0-301F-11D3-BF4B-00C04F79EFBC}") = "SomeContractsNDataAsNuGet", "SomeContractsNDataAsNuGet\SomeContractsNDataAsNuGet.csproj", "{D2660184-7DDE-49AA-9912-5F4F91768545}"
EndProject
Global
	GlobalSection(SolutionConfigurationPlatforms) = preSolution
		Debug|Any CPU = Debug|Any CPU
		Release|Any CPU = Release|Any CPU
	EndGlobalSection
	GlobalSection(ProjectConfigurationPlatforms) = postSolution
		{D2660184-7DDE-49AA-9912-5F4F91768545}.Debug|Any CPU.ActiveCfg = Debug|Any CPU
		{D2660184-7DDE-49AA-9912-5F4F91768545}.Debug|Any CPU.Build.0 = Debug|Any CPU
		{D2660184-7DDE-49AA-9912-5F4F91768545}.Release|Any CPU.ActiveCfg = Release|Any CPU
		{D2660184-7DDE-49AA-9912-5F4F91768545}.Release|Any CPU.Build.0 = Release|Any CPU
	EndGlobalSection
	GlobalSection(SolutionProperties) = preSolution
		HideSolutionNode = FALSE
	EndGlobalSection
	GlobalSection(ExtensibilityGlobals) = postSolution
		SolutionGuid = {A6903E0F-6758-4F4A-BF94-21F6EA4FC375}
	EndGlobalSection
EndGlobal
