
Microsoft Visual Studio Solution File, Format Version 12.00
Project("{FAE04EC0-301F-11D3-BF4B-00C04F79EFBC}") = "HotChocolatePoC", "HotChocolatePoC\HotChocolatePoC.csproj", "{F0B3E7D9-3823-45C7-B796-6AF91A55CDA7}"
EndProject
Project("{FAE04EC0-301F-11D3-BF4B-00C04F79EFBC}") = "HotChocolatePoC.Database", "HotChocolatePoC.Database\HotChocolatePoC.Database.csproj", "{612F6740-AFC2-45DB-A3F2-36396AA21E2B}"
EndProject
Global
	GlobalSection(SolutionConfigurationPlatforms) = preSolution
		Debug|Any CPU = Debug|Any CPU
		Release|Any CPU = Release|Any CPU
	EndGlobalSection
	GlobalSection(ProjectConfigurationPlatforms) = postSolution
		{F0B3E7D9-3823-45C7-B796-6AF91A55CDA7}.Debug|Any CPU.ActiveCfg = Debug|Any CPU
		{F0B3E7D9-3823-45C7-B796-6AF91A55CDA7}.Debug|Any CPU.Build.0 = Debug|Any CPU
		{F0B3E7D9-3823-45C7-B796-6AF91A55CDA7}.Release|Any CPU.ActiveCfg = Release|Any CPU
		{F0B3E7D9-3823-45C7-B796-6AF91A55CDA7}.Release|Any CPU.Build.0 = Release|Any CPU
		{612F6740-AFC2-45DB-A3F2-36396AA21E2B}.Debug|Any CPU.ActiveCfg = Debug|Any CPU
		{612F6740-AFC2-45DB-A3F2-36396AA21E2B}.Debug|Any CPU.Build.0 = Debug|Any CPU
		{612F6740-AFC2-45DB-A3F2-36396AA21E2B}.Release|Any CPU.ActiveCfg = Release|Any CPU
		{612F6740-AFC2-45DB-A3F2-36396AA21E2B}.Release|Any CPU.Build.0 = Release|Any CPU
	EndGlobalSection
EndGlobal
