
Microsoft Visual Studio Solution File, Format Version 12.00
Project("{FAE04EC0-301F-11D3-BF4B-00C04F79EFBC}") = "Practice.Maui", "Practice.Maui\Practice.Maui.csproj", "{1BEB65CB-B8E7-4D21-9707-EF8CF23DF569}"
EndProject
Global
	GlobalSection(SolutionConfigurationPlatforms) = preSolution
		Debug|Any CPU = Debug|Any CPU
		Release|Any CPU = Release|Any CPU
	EndGlobalSection
	GlobalSection(ProjectConfigurationPlatforms) = postSolution
		{1BEB65CB-B8E7-4D21-9707-EF8CF23DF569}.Debug|Any CPU.ActiveCfg = Debug|Any CPU
		{1BEB65CB-B8E7-4D21-9707-EF8CF23DF569}.Debug|Any CPU.Build.0 = Debug|Any CPU
		{1BEB65CB-B8E7-4D21-9707-EF8CF23DF569}.Release|Any CPU.ActiveCfg = Release|Any CPU
		{1BEB65CB-B8E7-4D21-9707-EF8CF23DF569}.Release|Any CPU.Build.0 = Release|Any CPU
	EndGlobalSection
EndGlobal
