
Microsoft Visual Studio Solution File, Format Version 12.00
Project("{FAE04EC0-301F-11D3-BF4B-00C04F79EFBC}") = "Calculusius", "Calculusius\Calculusius.csproj", "{5A47D3B6-9251-4605-90B8-85CF76B51979}"
EndProject
Global
	GlobalSection(SolutionConfigurationPlatforms) = preSolution
		Debug|Any CPU = Debug|Any CPU
		Release|Any CPU = Release|Any CPU
	EndGlobalSection
	GlobalSection(ProjectConfigurationPlatforms) = postSolution
		{5A47D3B6-9251-4605-90B8-85CF76B51979}.Debug|Any CPU.ActiveCfg = Debug|Any CPU
		{5A47D3B6-9251-4605-90B8-85CF76B51979}.Debug|Any CPU.Build.0 = Debug|Any CPU
		{5A47D3B6-9251-4605-90B8-85CF76B51979}.Release|Any CPU.ActiveCfg = Release|Any CPU
		{5A47D3B6-9251-4605-90B8-85CF76B51979}.Release|Any CPU.Build.0 = Release|Any CPU
	EndGlobalSection
EndGlobal
