
Microsoft Visual Studio Solution File, Format Version 12.00
Project("{FAE04EC0-301F-11D3-BF4B-00C04F79EFBC}") = "PulsarWorker", "PulsarWorker\PulsarWorker.csproj", "{93F3026A-6388-41D6-9243-DC970A35695C}"
EndProject
Global
	GlobalSection(SolutionConfigurationPlatforms) = preSolution
		Debug|Any CPU = Debug|Any CPU
		Release|Any CPU = Release|Any CPU
	EndGlobalSection
	GlobalSection(ProjectConfigurationPlatforms) = postSolution
		{93F3026A-6388-41D6-9243-DC970A35695C}.Debug|Any CPU.ActiveCfg = Debug|Any CPU
		{93F3026A-6388-41D6-9243-DC970A35695C}.Debug|Any CPU.Build.0 = Debug|Any CPU
		{93F3026A-6388-41D6-9243-DC970A35695C}.Release|Any CPU.ActiveCfg = Release|Any CPU
		{93F3026A-6388-41D6-9243-DC970A35695C}.Release|Any CPU.Build.0 = Release|Any CPU
	EndGlobalSection
EndGlobal
