
Microsoft Visual Studio Solution File, Format Version 12.00
Project("{FAE04EC0-301F-11D3-BF4B-00C04F79EFBC}") = "PulsarWorker", "PulsarWorker\PulsarWorker.csproj", "{93F3026A-6388-41D6-9243-DC970A35695C}"
EndProject
Project("{FAE04EC0-301F-11D3-BF4B-00C04F79EFBC}") = "PulsarWorker.Desktop", "PulsarWorker.Desktop\PulsarWorker.Desktop.csproj", "{C76CD0FE-6BD4-4D9E-99AF-C9811A4C8437}"
EndProject
Project("{FAE04EC0-301F-11D3-BF4B-00C04F79EFBC}") = "PulsarWorker.Database", "PulsarWorker.Database\PulsarWorker.Database.csproj", "{8D6E2C03-95F5-4C87-AAE1-71F4FC20FCCD}"
EndProject
Project("{FAE04EC0-301F-11D3-BF4B-00C04F79EFBC}") = "PulsarWorker.Data", "PulsarWorker.Data\PulsarWorker.Data.csproj", "{7378D7C6-E581-43E1-B210-D4B130A5F66B}"
EndProject
Project("{FAE04EC0-301F-11D3-BF4B-00C04F79EFBC}") = "PulsarWorker.Client", "PulsarWorker.Client\PulsarWorker.Client.csproj", "{02691591-877F-47FB-B79A-11DAC6943DEB}"
EndProject
Global
	GlobalSection(SolutionConfigurationPlatforms) = preSolution
		Debug|Any CPU = Debug|Any CPU
		Release|Any CPU = Release|Any CPU
	EndGlobalSection
	GlobalSection(ProjectConfigurationPlatforms) = postSolution
		{93F3026A-6388-41D6-9243-DC970A35695C}.Debug|Any CPU.ActiveCfg = Debug|Any CPU
		{93F3026A-6388-41D6-9243-DC970A35695C}.Debug|Any CPU.Build.0 = Debug|Any CPU
		{93F3026A-6388-41D6-9243-DC970A35695C}.Release|Any CPU.ActiveCfg = Release|Any CPU
		{93F3026A-6388-41D6-9243-DC970A35695C}.Release|Any CPU.Build.0 = Release|Any CPU
		{C76CD0FE-6BD4-4D9E-99AF-C9811A4C8437}.Debug|Any CPU.ActiveCfg = Debug|Any CPU
		{C76CD0FE-6BD4-4D9E-99AF-C9811A4C8437}.Debug|Any CPU.Build.0 = Debug|Any CPU
		{C76CD0FE-6BD4-4D9E-99AF-C9811A4C8437}.Release|Any CPU.ActiveCfg = Release|Any CPU
		{C76CD0FE-6BD4-4D9E-99AF-C9811A4C8437}.Release|Any CPU.Build.0 = Release|Any CPU
		{8D6E2C03-95F5-4C87-AAE1-71F4FC20FCCD}.Debug|Any CPU.ActiveCfg = Debug|Any CPU
		{8D6E2C03-95F5-4C87-AAE1-71F4FC20FCCD}.Debug|Any CPU.Build.0 = Debug|Any CPU
		{8D6E2C03-95F5-4C87-AAE1-71F4FC20FCCD}.Release|Any CPU.ActiveCfg = Release|Any CPU
		{8D6E2C03-95F5-4C87-AAE1-71F4FC20FCCD}.Release|Any CPU.Build.0 = Release|Any CPU
		{7378D7C6-E581-43E1-B210-D4B130A5F66B}.Debug|Any CPU.ActiveCfg = Debug|Any CPU
		{7378D7C6-E581-43E1-B210-D4B130A5F66B}.Debug|Any CPU.Build.0 = Debug|Any CPU
		{7378D7C6-E581-43E1-B210-D4B130A5F66B}.Release|Any CPU.ActiveCfg = Release|Any CPU
		{7378D7C6-E581-43E1-B210-D4B130A5F66B}.Release|Any CPU.Build.0 = Release|Any CPU
		{02691591-877F-47FB-B79A-11DAC6943DEB}.Debug|Any CPU.ActiveCfg = Debug|Any CPU
		{02691591-877F-47FB-B79A-11DAC6943DEB}.Debug|Any CPU.Build.0 = Debug|Any CPU
		{02691591-877F-47FB-B79A-11DAC6943DEB}.Release|Any CPU.ActiveCfg = Release|Any CPU
		{02691591-877F-47FB-B79A-11DAC6943DEB}.Release|Any CPU.Build.0 = Release|Any CPU
	EndGlobalSection
EndGlobal
