
Microsoft Visual Studio Solution File, Format Version 12.00
Project("{FAE04EC0-301F-11D3-BF4B-00C04F79EFBC}") = "MyGarage.Api", "MyGarage.Api\MyGarage.Api.csproj", "{F89EA578-32A0-4331-90FC-68DE0E3FF2D1}"
EndProject
Project("{FAE04EC0-301F-11D3-BF4B-00C04F79EFBC}") = "MyGarage.Traffic", "MyGarage.Traffic\MyGarage.Traffic.csproj", "{14319031-A1AB-4208-8EBC-716854ECBBC2}"
EndProject
Global
	GlobalSection(SolutionConfigurationPlatforms) = preSolution
		Debug|Any CPU = Debug|Any CPU
		Release|Any CPU = Release|Any CPU
	EndGlobalSection
	GlobalSection(ProjectConfigurationPlatforms) = postSolution
		{F89EA578-32A0-4331-90FC-68DE0E3FF2D1}.Debug|Any CPU.ActiveCfg = Debug|Any CPU
		{F89EA578-32A0-4331-90FC-68DE0E3FF2D1}.Debug|Any CPU.Build.0 = Debug|Any CPU
		{F89EA578-32A0-4331-90FC-68DE0E3FF2D1}.Release|Any CPU.ActiveCfg = Release|Any CPU
		{F89EA578-32A0-4331-90FC-68DE0E3FF2D1}.Release|Any CPU.Build.0 = Release|Any CPU
		{14319031-A1AB-4208-8EBC-716854ECBBC2}.Debug|Any CPU.ActiveCfg = Debug|Any CPU
		{14319031-A1AB-4208-8EBC-716854ECBBC2}.Debug|Any CPU.Build.0 = Debug|Any CPU
		{14319031-A1AB-4208-8EBC-716854ECBBC2}.Release|Any CPU.ActiveCfg = Release|Any CPU
		{14319031-A1AB-4208-8EBC-716854ECBBC2}.Release|Any CPU.Build.0 = Release|Any CPU
	EndGlobalSection
EndGlobal
